
Microsoft Visual Studio Solution File, Format Version 12.00
# Visual Studio Version 16
VisualStudioVersion = 16.0.28803.156
MinimumVisualStudioVersion = 10.0.40219.1
Project("{FAE04EC0-301F-11D3-BF4B-00C04F79EFBC}") = "RAScraping", "RAScraping\RAScraping.csproj", "{4C52AE21-FE0E-445D-9504-FBB917D3820C}"
EndProject
Project("{FAE04EC0-301F-11D3-BF4B-00C04F79EFBC}") = "RAScraping.UnitTests", "RAScraping.UnitTests\RAScraping.UnitTests.csproj", "{6F3A278A-5C88-4ACF-AC9B-424E23670A2A}"
EndProject
Project("{FAE04EC0-301F-11D3-BF4B-00C04F79EFBC}") = "GenericClasses", "..\GenericClasses\GenericClasses.csproj", "{4E140FB7-634E-4F7F-9D04-8D93356FE046}"
EndProject
Global
	GlobalSection(SolutionConfigurationPlatforms) = preSolution
		Debug|Any CPU = Debug|Any CPU
		Release|Any CPU = Release|Any CPU
	EndGlobalSection
	GlobalSection(ProjectConfigurationPlatforms) = postSolution
		{4C52AE21-FE0E-445D-9504-FBB917D3820C}.Debug|Any CPU.ActiveCfg = Debug|Any CPU
		{4C52AE21-FE0E-445D-9504-FBB917D3820C}.Debug|Any CPU.Build.0 = Debug|Any CPU
		{4C52AE21-FE0E-445D-9504-FBB917D3820C}.Release|Any CPU.ActiveCfg = Release|Any CPU
		{4C52AE21-FE0E-445D-9504-FBB917D3820C}.Release|Any CPU.Build.0 = Release|Any CPU
		{6F3A278A-5C88-4ACF-AC9B-424E23670A2A}.Debug|Any CPU.ActiveCfg = Debug|Any CPU
		{6F3A278A-5C88-4ACF-AC9B-424E23670A2A}.Debug|Any CPU.Build.0 = Debug|Any CPU
		{6F3A278A-5C88-4ACF-AC9B-424E23670A2A}.Release|Any CPU.ActiveCfg = Release|Any CPU
		{6F3A278A-5C88-4ACF-AC9B-424E23670A2A}.Release|Any CPU.Build.0 = Release|Any CPU
		{4E140FB7-634E-4F7F-9D04-8D93356FE046}.Debug|Any CPU.ActiveCfg = Debug|Any CPU
		{4E140FB7-634E-4F7F-9D04-8D93356FE046}.Debug|Any CPU.Build.0 = Debug|Any CPU
		{4E140FB7-634E-4F7F-9D04-8D93356FE046}.Release|Any CPU.ActiveCfg = Release|Any CPU
		{4E140FB7-634E-4F7F-9D04-8D93356FE046}.Release|Any CPU.Build.0 = Release|Any CPU
	EndGlobalSection
	GlobalSection(SolutionProperties) = preSolution
		HideSolutionNode = FALSE
	EndGlobalSection
	GlobalSection(ExtensibilityGlobals) = postSolution
		SolutionGuid = {E2C82C99-EB74-4F6E-82E7-744691F1D874}
	EndGlobalSection
EndGlobal
